
Microsoft Visual Studio Solution File, Format Version 11.00
# Visual Studio 2010
Project("{F2A71F9B-5D33-465A-A702-920D77279786}") = "Formlets", "Formlets\Formlets.fsproj", "{D5A17CEF-E6A6-459D-961F-588A1A1DCD49}"
EndProject
Project("{F2A71F9B-5D33-465A-A702-920D77279786}") = "Formlets.Tests", "Formlets.Tests\Formlets.Tests.fsproj", "{300FB450-0CA2-435D-B41E-A9399594FC83}"
EndProject
Global
	GlobalSection(SolutionConfigurationPlatforms) = preSolution
		Debug|Any CPU = Debug|Any CPU
		Release|Any CPU = Release|Any CPU
	EndGlobalSection
	GlobalSection(ProjectConfigurationPlatforms) = postSolution
		{D5A17CEF-E6A6-459D-961F-588A1A1DCD49}.Debug|Any CPU.ActiveCfg = Debug|Any CPU
		{D5A17CEF-E6A6-459D-961F-588A1A1DCD49}.Debug|Any CPU.Build.0 = Debug|Any CPU
		{D5A17CEF-E6A6-459D-961F-588A1A1DCD49}.Release|Any CPU.ActiveCfg = Release|Any CPU
		{D5A17CEF-E6A6-459D-961F-588A1A1DCD49}.Release|Any CPU.Build.0 = Release|Any CPU
		{300FB450-0CA2-435D-B41E-A9399594FC83}.Debug|Any CPU.ActiveCfg = Debug|Any CPU
		{300FB450-0CA2-435D-B41E-A9399594FC83}.Debug|Any CPU.Build.0 = Debug|Any CPU
		{300FB450-0CA2-435D-B41E-A9399594FC83}.Release|Any CPU.ActiveCfg = Release|Any CPU
		{300FB450-0CA2-435D-B41E-A9399594FC83}.Release|Any CPU.Build.0 = Release|Any CPU
	EndGlobalSection
	GlobalSection(SolutionProperties) = preSolution
		HideSolutionNode = FALSE
	EndGlobalSection
EndGlobal
